
Microsoft Visual Studio Solution File, Format Version 12.00
# Visual Studio Version 17
VisualStudioVersion = 17.5.33502.453
MinimumVisualStudioVersion = 10.0.40219.1
Project("{FAE04EC0-301F-11D3-BF4B-00C04F79EFBC}") = "csharp-abstract-animals", "csharp-abstract-animals.csproj", "{9CEC0168-D5E5-4F73-B5E0-204D63014AA2}"
EndProject
Global
	GlobalSection(SolutionConfigurationPlatforms) = preSolution
		Debug|Any CPU = Debug|Any CPU
		Release|Any CPU = Release|Any CPU
	EndGlobalSection
	GlobalSection(ProjectConfigurationPlatforms) = postSolution
		{9CEC0168-D5E5-4F73-B5E0-204D63014AA2}.Debug|Any CPU.ActiveCfg = Debug|Any CPU
		{9CEC0168-D5E5-4F73-B5E0-204D63014AA2}.Debug|Any CPU.Build.0 = Debug|Any CPU
		{9CEC0168-D5E5-4F73-B5E0-204D63014AA2}.Release|Any CPU.ActiveCfg = Release|Any CPU
		{9CEC0168-D5E5-4F73-B5E0-204D63014AA2}.Release|Any CPU.Build.0 = Release|Any CPU
	EndGlobalSection
	GlobalSection(SolutionProperties) = preSolution
		HideSolutionNode = FALSE
	EndGlobalSection
	GlobalSection(ExtensibilityGlobals) = postSolution
		SolutionGuid = {C8C551AC-E999-4E4B-8FA6-8D75A7F6AC56}
	EndGlobalSection
EndGlobal
